{"version":4,"terraform_version":"1.8.2","serial":16,"lineage":"784b32cd-634b-6755-a02c-66587c1c2a4e","outputs":{},"resources":[{"mode":"managed","type":"hyperv_machine_instance","name":"master1","provider":"provider[\"registry.opentofu.org/taliesins/hyperv\"]","instances":[{"schema_version":0,"attributes":{"automatic_critical_error_action":"Pause","automatic_critical_error_action_timeout":30,"automatic_start_action":"StartIfRunning","automatic_start_delay":0,"automatic_stop_action":"Save","checkpoint_type":"Production","dvd_drives":[{"controller_location":0,"controller_number":0,"path":"C:\\Users\\nolan\\HyperV\\dvds\\debian-12.7.0-amd64-netinst.iso","resource_pool_name":""}],"dynamic_memory":true,"generation":2,"guest_controlled_cache_types":false,"hard_disk_drives":[{"controller_location":1,"controller_number":0,"controller_type":"Scsi","disk_number":4294967295,"maximum_iops":0,"minimum_iops":0,"override_cache_attributes":"Default","path":"C:\\Users\\nolan\\HyperV\\master1.vhdx","qos_policy_id":"00000000-0000-0000-0000-000000000000","resource_pool_name":"Primordial","support_persistent_reservations":false}],"high_memory_mapped_io_space":536870912,"id":"master1","integration_services":{"Guest Service Interface":false,"Heartbeat":true,"Key-Value Pair Exchange":true,"Shutdown":true,"Time Synchronization":true,"VSS":true},"lock_on_disconnect":"Off","low_memory_mapped_io_space":134217728,"memory_maximum_bytes":1099511627776,"memory_minimum_bytes":1073741824,"memory_startup_bytes":1073741824,"name":"master1","network_adaptors":[{"allow_teaming":"On","device_naming":"Off","dhcp_guard":"Off","dynamic_ip_address_limit":0,"dynamic_mac_address":true,"fix_speed_10g":"Off","ieee_priority_tag":"Off","iov_interrupt_moderation":"Off","iov_queue_pairs_requested":1,"iov_weight":100,"ip_addresses":[],"ipsec_offload_maximum_security_association":512,"is_legacy":false,"mac_address_spoofing":"Off","management_os":false,"mandatory_feature_id":[],"maximum_bandwidth":0,"minimum_bandwidth_absolute":0,"minimum_bandwidth_weight":0,"name":"wan","not_monitored_in_cluster":false,"packet_direct_moderation_count":0,"packet_direct_moderation_interval":0,"packet_direct_num_procs":0,"port_mirroring":"None","resource_pool_name":"","router_guard":"Off","static_mac_address":"00155D011F02","storm_limit":0,"switch_name":"sw","test_replica_pool_name":"","test_replica_switch_name":"","virtual_subnet_id":0,"vlan_access":false,"vlan_id":0,"vmmq_enabled":false,"vmmq_queue_pairs":16,"vmq_weight":100,"vrss_enabled":true,"wait_for_ips":false}],"notes":"","path":"C:\\ProgramData\\Microsoft\\Windows\\Hyper-V","processor_count":1,"smart_paging_file_path":"C:\\ProgramData\\Microsoft\\Windows\\Hyper-V","snapshot_file_location":"C:\\ProgramData\\Microsoft\\Windows\\Hyper-V","state":"Running","static_memory":false,"timeouts":null,"vm_firmware":[{"boot_order":[],"console_mode":"Default","enable_secure_boot":"Off","pause_after_boot_failure":"Off","preferred_network_boot_protocol":"IPv4","secure_boot_template":"MicrosoftWindows"}],"vm_processor":[],"wait_for_ips_poll_period":5,"wait_for_ips_timeout":10,"wait_for_state_poll_period":2,"wait_for_state_timeout":10},"sensitive_attributes":[],"private":"eyJlMmJmYjczMC1lY2FhLTExZTYtOGY4OC0zNDM2M2JjN2M0YzAiOnsiY3JlYXRlIjoxODAwMDAwMDAwMDAwLCJkZWxldGUiOjMwMDAwMDAwMDAwMCwicmVhZCI6MTIwMDAwMDAwMDAwLCJ1cGRhdGUiOjE4MDAwMDAwMDAwMDB9fQ==","dependencies":["hyperv_network_switch.sw","hyperv_vhd.master1"]}]},{"mode":"managed","type":"hyperv_network_switch","name":"sw","provider":"provider[\"registry.opentofu.org/taliesins/hyperv\"]","instances":[{"schema_version":0,"attributes":{"allow_management_os":true,"default_flow_minimum_bandwidth_absolute":0,"default_flow_minimum_bandwidth_weight":0,"default_queue_vmmq_enabled":false,"default_queue_vmmq_queue_pairs":16,"default_queue_vrss_enabled":false,"enable_embedded_teaming":false,"enable_iov":false,"enable_packet_direct":false,"id":"sw","minimum_bandwidth_mode":"None","name":"sw","net_adapter_names":["Ethernet"],"notes":"","switch_type":"External","timeouts":null},"sensitive_attributes":[],"private":"eyJlMmJmYjczMC1lY2FhLTExZTYtOGY4OC0zNDM2M2JjN2M0YzAiOnsiY3JlYXRlIjozMDAwMDAwMDAwMDAsImRlbGV0ZSI6NjAwMDAwMDAwMDAsInJlYWQiOjYwMDAwMDAwMDAwLCJ1cGRhdGUiOjMwMDAwMDAwMDAwMH19"}]},{"mode":"managed","type":"hyperv_vhd","name":"master1","provider":"provider[\"registry.opentofu.org/taliesins/hyperv\"]","instances":[{"schema_version":0,"attributes":{"block_size":33554432,"exists":true,"id":"C:\\Users\\nolan\\HyperV\\master1.vhdx","logical_sector_size":512,"parent_path":null,"path":"C:\\Users\\nolan\\HyperV\\master1.vhdx","physical_sector_size":4096,"size":10737418240,"source":null,"source_disk":null,"source_vm":null,"timeouts":null,"vhd_type":"Dynamic"},"sensitive_attributes":[],"private":"eyJlMmJmYjczMC1lY2FhLTExZTYtOGY4OC0zNDM2M2JjN2M0YzAiOnsiY3JlYXRlIjozMDAwMDAwMDAwMDAsImRlbGV0ZSI6NjAwMDAwMDAwMDAsInJlYWQiOjYwMDAwMDAwMDAwLCJ1cGRhdGUiOjMwMDAwMDAwMDAwMH19"}]}],"check_results":null}
