{"version":4,"terraform_version":"1.8.2","serial":97,"lineage":"784b32cd-634b-6755-a02c-66587c1c2a4e","outputs":{},"resources":[{"mode":"managed","type":"hyperv_network_switch","name":"hyperv","provider":"provider[\"registry.opentofu.org/taliesins/hyperv\"]","instances":[{"schema_version":0,"attributes":{"allow_management_os":true,"default_flow_minimum_bandwidth_absolute":0,"default_flow_minimum_bandwidth_weight":0,"default_queue_vmmq_enabled":false,"default_queue_vmmq_queue_pairs":16,"default_queue_vrss_enabled":false,"enable_embedded_teaming":false,"enable_iov":false,"enable_packet_direct":false,"id":"hyperv","minimum_bandwidth_mode":"None","name":"hyperv","net_adapter_names":[],"notes":"","switch_type":"Internal","timeouts":null},"sensitive_attributes":[],"private":"eyJlMmJmYjczMC1lY2FhLTExZTYtOGY4OC0zNDM2M2JjN2M0YzAiOnsiY3JlYXRlIjozMDAwMDAwMDAwMDAsImRlbGV0ZSI6NjAwMDAwMDAwMDAsInJlYWQiOjYwMDAwMDAwMDAwLCJ1cGRhdGUiOjMwMDAwMDAwMDAwMH19"}]}],"check_results":null}
